
Microsoft Visual Studio Solution File, Format Version 12.00
# Visual Studio Version 16
VisualStudioVersion = 16.0.32602.291
MinimumVisualStudioVersion = 10.0.40219.1
Project("{9A19103F-16F7-4668-BE54-9A1E7A4F7556}") = "WebClientAD", "ClientADNative\WebClientAD.csproj", "{E04EAC8F-D6BB-4B6B-81E7-0EBEBFEF10D4}"
EndProject
Project("{9A19103F-16F7-4668-BE54-9A1E7A4F7556}") = "BackAD", "BackADNative\BackAD.csproj", "{0DCBB989-342F-4DD4-A3FE-104C3FDC3148}"
EndProject
Project("{9A19103F-16F7-4668-BE54-9A1E7A4F7556}") = "ConsoleClientAD", "ConsoleClientADNative\ConsoleClientAD.csproj", "{81FBDD2B-BD2C-47A3-92BE-3555B70FB2B9}"
EndProject
Project("{9A19103F-16F7-4668-BE54-9A1E7A4F7556}") = "ValidateAzureADToken", "ValidateAzureADToken\ValidateAzureADToken.csproj", "{3B3CD47B-D992-4BE2-A9E1-9A9E4893E331}"
EndProject
Global
	GlobalSection(SolutionConfigurationPlatforms) = preSolution
		Debug|Any CPU = Debug|Any CPU
		Release|Any CPU = Release|Any CPU
	EndGlobalSection
	GlobalSection(ProjectConfigurationPlatforms) = postSolution
		{E04EAC8F-D6BB-4B6B-81E7-0EBEBFEF10D4}.Debug|Any CPU.ActiveCfg = Debug|Any CPU
		{E04EAC8F-D6BB-4B6B-81E7-0EBEBFEF10D4}.Debug|Any CPU.Build.0 = Debug|Any CPU
		{E04EAC8F-D6BB-4B6B-81E7-0EBEBFEF10D4}.Release|Any CPU.ActiveCfg = Release|Any CPU
		{E04EAC8F-D6BB-4B6B-81E7-0EBEBFEF10D4}.Release|Any CPU.Build.0 = Release|Any CPU
		{0DCBB989-342F-4DD4-A3FE-104C3FDC3148}.Debug|Any CPU.ActiveCfg = Debug|Any CPU
		{0DCBB989-342F-4DD4-A3FE-104C3FDC3148}.Debug|Any CPU.Build.0 = Debug|Any CPU
		{0DCBB989-342F-4DD4-A3FE-104C3FDC3148}.Release|Any CPU.ActiveCfg = Release|Any CPU
		{0DCBB989-342F-4DD4-A3FE-104C3FDC3148}.Release|Any CPU.Build.0 = Release|Any CPU
		{81FBDD2B-BD2C-47A3-92BE-3555B70FB2B9}.Debug|Any CPU.ActiveCfg = Debug|Any CPU
		{81FBDD2B-BD2C-47A3-92BE-3555B70FB2B9}.Debug|Any CPU.Build.0 = Debug|Any CPU
		{81FBDD2B-BD2C-47A3-92BE-3555B70FB2B9}.Release|Any CPU.ActiveCfg = Release|Any CPU
		{81FBDD2B-BD2C-47A3-92BE-3555B70FB2B9}.Release|Any CPU.Build.0 = Release|Any CPU
		{3B3CD47B-D992-4BE2-A9E1-9A9E4893E331}.Debug|Any CPU.ActiveCfg = Debug|Any CPU
		{3B3CD47B-D992-4BE2-A9E1-9A9E4893E331}.Debug|Any CPU.Build.0 = Debug|Any CPU
		{3B3CD47B-D992-4BE2-A9E1-9A9E4893E331}.Release|Any CPU.ActiveCfg = Release|Any CPU
		{3B3CD47B-D992-4BE2-A9E1-9A9E4893E331}.Release|Any CPU.Build.0 = Release|Any CPU
	EndGlobalSection
	GlobalSection(SolutionProperties) = preSolution
		HideSolutionNode = FALSE
	EndGlobalSection
	GlobalSection(ExtensibilityGlobals) = postSolution
		SolutionGuid = {0AA38940-915D-4065-9701-8BCF45DBAD8F}
	EndGlobalSection
EndGlobal
